{
  "nodes": {
    "ACE-RISCV": {
      "flake": false,
      "locked": {
        "lastModified": 1761036542,
        "narHash": "sha256-ufzEeAdbF2OLOT5vN8KstjYiwiiDnM6F9Rl4LKxsiM0=",
        "owner": "IBM",
        "repo": "ACE-RISCV",
        "rev": "b831232f1ae31162d4cb03b8785154b7942a7406",
        "type": "github"
      },
      "original": {
        "owner": "IBM",
        "repo": "ACE-RISCV",
        "type": "github"
      }
    },
    "crane": {
      "locked": {
        "lastModified": 1765145449,
        "narHash": "sha256-aBVHGWWRzSpfL++LubA0CwOOQ64WNLegrYHwsVuVN7A=",
        "owner": "ipetkov",
        "repo": "crane",
        "rev": "69f538cdce5955fcd47abfed4395dc6d5194c1c5",
        "type": "github"
      },
      "original": {
        "owner": "ipetkov",
        "repo": "crane",
        "type": "github"
      }
    },
    "flake-utils": {
      "inputs": {
        "systems": "systems"
      },
      "locked": {
        "lastModified": 1731533236,
        "narHash": "sha256-l0KFg5HjrsfsO/JpG+r7fRrqm12kzFHyUHqHCVpMMbI=",
        "owner": "numtide",
        "repo": "flake-utils",
        "rev": "11707dc2f618dd54ca8739b309ec4fc024de578b",
        "type": "github"
      },
      "original": {
        "owner": "numtide",
        "repo": "flake-utils",
        "type": "github"
      }
    },
    "nixpkgs": {
      "locked": {
        "lastModified": 1764983851,
        "narHash": "sha256-y7RPKl/jJ/KAP/VKLMghMgXTlvNIJMHKskl8/Uuar7o=",
        "owner": "NixOS",
        "repo": "nixpkgs",
        "rev": "d9bc5c7dceb30d8d6fafa10aeb6aa8a48c218454",
        "type": "github"
      },
      "original": {
        "id": "nixpkgs",
        "ref": "nixos-25.11",
        "type": "indirect"
      }
    },
    "refinedrust": {
      "inputs": {
        "crane": "crane",
        "flake-utils": "flake-utils",
        "nixpkgs": "nixpkgs",
        "rust-overlay": "rust-overlay",
        "rust-targets": "rust-targets"
      },
      "locked": {
        "path": "git+file://../../..",
        "type": "path"
      },
      "original": {
        "path": "git+file://../../..",
        "type": "path"
      },
      "parent": []
    },
    "root": {
      "inputs": {
        "ACE-RISCV": "ACE-RISCV",
        "refinedrust": "refinedrust"
      }
    },
    "rust-overlay": {
      "inputs": {
        "nixpkgs": [
          "refinedrust",
          "nixpkgs"
        ]
      },
      "locked": {
        "lastModified": 1765161692,
        "narHash": "sha256-XdY9AFzmgRPYIhP4N+WiCHMNxPoifP5/Ld+orMYBD8c=",
        "owner": "oxalica",
        "repo": "rust-overlay",
        "rev": "7ed7e8c74be95906275805db68201e74e9904f07",
        "type": "github"
      },
      "original": {
        "owner": "oxalica",
        "repo": "rust-overlay",
        "type": "github"
      }
    },
    "rust-targets": {
      "flake": false,
      "locked": {
        "narHash": "sha256-KdFR3kx0HGzyoHXpF+kT82b2dE8Z+jti8kwSEMyy6hM=",
        "type": "file",
        "url": "https://raw.githubusercontent.com/oxalica/rust-overlay/refs/heads/master/manifests/targets.nix"
      },
      "original": {
        "type": "file",
        "url": "https://raw.githubusercontent.com/oxalica/rust-overlay/refs/heads/master/manifests/targets.nix"
      }
    },
    "systems": {
      "locked": {
        "lastModified": 1681028828,
        "narHash": "sha256-Vy1rq5AaRuLzOxct8nz4T6wlgyUR7zLU309k9mBC768=",
        "owner": "nix-systems",
        "repo": "default",
        "rev": "da67096a3b9bf56a91d16901293e51ba5b49a27e",
        "type": "github"
      },
      "original": {
        "owner": "nix-systems",
        "repo": "default",
        "type": "github"
      }
    }
  },
  "root": "root",
  "version": 7
}
